
Microsoft Visual Studio Solution File, Format Version 12.00
Project("{2150E333-8FDC-42A3-9474-1A3956D46DE8}") = "src", "src", "{43D365FC-DBD5-449B-8103-BFD450AF3D6F}"
	ProjectSection(SolutionItems) = preProject
		src\Directory.Build.props = src\Directory.Build.props
	EndProjectSection
EndProject
Project("{2150E333-8FDC-42A3-9474-1A3956D46DE8}") = "test", "test", "{21154F59-3F7D-427E-8E8D-A041649CCE46}"
	ProjectSection(SolutionItems) = preProject
		test\Directory.Build.props = test\Directory.Build.props
		test\TestData\.gitignore = test\TestData\.gitignore
		test\TestData\.vscode\settings.json = test\TestData\.vscode\settings.json
		test\TestData\build.zig = test\TestData\build.zig
		test\TestData\convert.zig = test\TestData\convert.zig
		test\TestData\zig-cache\h\2b158a2b7372dc218bc5e1e8d2979cdb.txt = test\TestData\zig-cache\h\2b158a2b7372dc218bc5e1e8d2979cdb.txt
		test\TestData\zig-cache\h\3171d3ff6eef853cd78499d90e7ef881.txt = test\TestData\zig-cache\h\3171d3ff6eef853cd78499d90e7ef881.txt
		test\TestData\zig-cache\h\4441ebb682ac3ea95e249faa374c97f6.txt = test\TestData\zig-cache\h\4441ebb682ac3ea95e249faa374c97f6.txt
		test\TestData\zig-cache\h\7c89b69a16c2b46a95a300937df9ea58.txt = test\TestData\zig-cache\h\7c89b69a16c2b46a95a300937df9ea58.txt
		test\TestData\zig-cache\h\9de27365105f92c7732a9cc47533bd1d.txt = test\TestData\zig-cache\h\9de27365105f92c7732a9cc47533bd1d.txt
		test\TestData\zig-cache\h\c4243bc36360aa70d8401ed9daf4d531.txt = test\TestData\zig-cache\h\c4243bc36360aa70d8401ed9daf4d531.txt
		test\TestData\zig-cache\h\c7acaaaa1b80fe49c6314ff58aff841c.txt = test\TestData\zig-cache\h\c7acaaaa1b80fe49c6314ff58aff841c.txt
		test\TestData\zig-cache\h\c8b2eda924976f84863ecf26d1c0fcf2.txt = test\TestData\zig-cache\h\c8b2eda924976f84863ecf26d1c0fcf2.txt
		test\TestData\zig-cache\h\c8be340ecb9f05fe3c5b7ffd4fe07fd6.txt = test\TestData\zig-cache\h\c8be340ecb9f05fe3c5b7ffd4fe07fd6.txt
		test\TestData\zig-cache\h\ced0656eeb0d1add88d7a283e4d5ed00.txt = test\TestData\zig-cache\h\ced0656eeb0d1add88d7a283e4d5ed00.txt
		test\TestData\zig-cache\h\e8fd317bea6036ff0f4066ea3834a878.txt = test\TestData\zig-cache\h\e8fd317bea6036ff0f4066ea3834a878.txt
		test\TestData\zig-cache\h\f19e80e14a7a9708400dd12776566236.txt = test\TestData\zig-cache\h\f19e80e14a7a9708400dd12776566236.txt
		test\TestData\zig-cache\h\ff358d21d70eaeb12066843ddcccbe6c.txt = test\TestData\zig-cache\h\ff358d21d70eaeb12066843ddcccbe6c.txt
		test\TestData\zig-cache\h\timestamp = test\TestData\zig-cache\h\timestamp
		test\TestData\zig-cache\o\01adfe3d99c8985d7b8306b1e3eaa790\TestData.exe = test\TestData\zig-cache\o\01adfe3d99c8985d7b8306b1e3eaa790\TestData.exe
		test\TestData\zig-cache\o\01adfe3d99c8985d7b8306b1e3eaa790\TestData.exe.obj = test\TestData\zig-cache\o\01adfe3d99c8985d7b8306b1e3eaa790\TestData.exe.obj
		test\TestData\zig-cache\o\01adfe3d99c8985d7b8306b1e3eaa790\TestData.pdb = test\TestData\zig-cache\o\01adfe3d99c8985d7b8306b1e3eaa790\TestData.pdb
		test\TestData\zig-cache\o\03339d6807aa488f8c3d21404a9697ff\build.exe = test\TestData\zig-cache\o\03339d6807aa488f8c3d21404a9697ff\build.exe
		test\TestData\zig-cache\o\03339d6807aa488f8c3d21404a9697ff\build.exe.obj = test\TestData\zig-cache\o\03339d6807aa488f8c3d21404a9697ff\build.exe.obj
		test\TestData\zig-cache\o\03339d6807aa488f8c3d21404a9697ff\build.pdb = test\TestData\zig-cache\o\03339d6807aa488f8c3d21404a9697ff\build.pdb
		test\TestData\zig-cache\o\047b07c34e5a439d56ca06f03791f636\build.exe = test\TestData\zig-cache\o\047b07c34e5a439d56ca06f03791f636\build.exe
		test\TestData\zig-cache\o\047b07c34e5a439d56ca06f03791f636\build.exe.obj = test\TestData\zig-cache\o\047b07c34e5a439d56ca06f03791f636\build.exe.obj
		test\TestData\zig-cache\o\047b07c34e5a439d56ca06f03791f636\build.pdb = test\TestData\zig-cache\o\047b07c34e5a439d56ca06f03791f636\build.pdb
		test\TestData\zig-cache\o\08008dce0431670fb359a4e13b780d95\build.exe = test\TestData\zig-cache\o\08008dce0431670fb359a4e13b780d95\build.exe
		test\TestData\zig-cache\o\08008dce0431670fb359a4e13b780d95\build.exe.obj = test\TestData\zig-cache\o\08008dce0431670fb359a4e13b780d95\build.exe.obj
		test\TestData\zig-cache\o\08008dce0431670fb359a4e13b780d95\build.pdb = test\TestData\zig-cache\o\08008dce0431670fb359a4e13b780d95\build.pdb
		test\TestData\zig-cache\o\099ecd846dd33146f7228a4c13a80725\build.exe = test\TestData\zig-cache\o\099ecd846dd33146f7228a4c13a80725\build.exe
		test\TestData\zig-cache\o\099ecd846dd33146f7228a4c13a80725\build.exe.obj = test\TestData\zig-cache\o\099ecd846dd33146f7228a4c13a80725\build.exe.obj
		test\TestData\zig-cache\o\099ecd846dd33146f7228a4c13a80725\build.pdb = test\TestData\zig-cache\o\099ecd846dd33146f7228a4c13a80725\build.pdb
		test\TestData\zig-cache\o\0e3725558613331bc15c7c0ab6f0baed\build.exe = test\TestData\zig-cache\o\0e3725558613331bc15c7c0ab6f0baed\build.exe
		test\TestData\zig-cache\o\0e3725558613331bc15c7c0ab6f0baed\build.exe.obj = test\TestData\zig-cache\o\0e3725558613331bc15c7c0ab6f0baed\build.exe.obj
		test\TestData\zig-cache\o\0e3725558613331bc15c7c0ab6f0baed\build.pdb = test\TestData\zig-cache\o\0e3725558613331bc15c7c0ab6f0baed\build.pdb
		test\TestData\zig-cache\o\12ae4c7a36ba2ee893db0854dd3090b8\build.exe = test\TestData\zig-cache\o\12ae4c7a36ba2ee893db0854dd3090b8\build.exe
		test\TestData\zig-cache\o\12ae4c7a36ba2ee893db0854dd3090b8\build.exe.obj = test\TestData\zig-cache\o\12ae4c7a36ba2ee893db0854dd3090b8\build.exe.obj
		test\TestData\zig-cache\o\12ae4c7a36ba2ee893db0854dd3090b8\build.pdb = test\TestData\zig-cache\o\12ae4c7a36ba2ee893db0854dd3090b8\build.pdb
		test\TestData\zig-cache\o\17c4407482ed2ee7b027b03a911fa6bb\TestData.exe = test\TestData\zig-cache\o\17c4407482ed2ee7b027b03a911fa6bb\TestData.exe
		test\TestData\zig-cache\o\17c4407482ed2ee7b027b03a911fa6bb\TestData.exe.obj = test\TestData\zig-cache\o\17c4407482ed2ee7b027b03a911fa6bb\TestData.exe.obj
		test\TestData\zig-cache\o\17c4407482ed2ee7b027b03a911fa6bb\TestData.pdb = test\TestData\zig-cache\o\17c4407482ed2ee7b027b03a911fa6bb\TestData.pdb
		test\TestData\zig-cache\o\17c480a60750f7f97d4dc8122ee64067\TestData.exe = test\TestData\zig-cache\o\17c480a60750f7f97d4dc8122ee64067\TestData.exe
		test\TestData\zig-cache\o\17c480a60750f7f97d4dc8122ee64067\TestData.exe.obj = test\TestData\zig-cache\o\17c480a60750f7f97d4dc8122ee64067\TestData.exe.obj
		test\TestData\zig-cache\o\17c480a60750f7f97d4dc8122ee64067\TestData.pdb = test\TestData\zig-cache\o\17c480a60750f7f97d4dc8122ee64067\TestData.pdb
		test\TestData\zig-cache\o\1814de2cf723f97f5b05e7ab5e32f581\build.exe = test\TestData\zig-cache\o\1814de2cf723f97f5b05e7ab5e32f581\build.exe
		test\TestData\zig-cache\o\1814de2cf723f97f5b05e7ab5e32f581\build.exe.obj = test\TestData\zig-cache\o\1814de2cf723f97f5b05e7ab5e32f581\build.exe.obj
		test\TestData\zig-cache\o\1814de2cf723f97f5b05e7ab5e32f581\build.pdb = test\TestData\zig-cache\o\1814de2cf723f97f5b05e7ab5e32f581\build.pdb
		test\TestData\zig-cache\o\1a0a91bb91effcb7708252c155fce135\TestData.exe = test\TestData\zig-cache\o\1a0a91bb91effcb7708252c155fce135\TestData.exe
		test\TestData\zig-cache\o\1a0a91bb91effcb7708252c155fce135\TestData.exe.obj = test\TestData\zig-cache\o\1a0a91bb91effcb7708252c155fce135\TestData.exe.obj
		test\TestData\zig-cache\o\1a0a91bb91effcb7708252c155fce135\TestData.pdb = test\TestData\zig-cache\o\1a0a91bb91effcb7708252c155fce135\TestData.pdb
		test\TestData\zig-cache\o\1f68699213ec78a6670645dfa8d5d112\TestData.exe = test\TestData\zig-cache\o\1f68699213ec78a6670645dfa8d5d112\TestData.exe
		test\TestData\zig-cache\o\1f68699213ec78a6670645dfa8d5d112\TestData.exe.obj = test\TestData\zig-cache\o\1f68699213ec78a6670645dfa8d5d112\TestData.exe.obj
		test\TestData\zig-cache\o\1f68699213ec78a6670645dfa8d5d112\TestData.pdb = test\TestData\zig-cache\o\1f68699213ec78a6670645dfa8d5d112\TestData.pdb
		test\TestData\zig-cache\o\2072d410ef73c3e3673304bffc2c1142\build.exe = test\TestData\zig-cache\o\2072d410ef73c3e3673304bffc2c1142\build.exe
		test\TestData\zig-cache\o\2072d410ef73c3e3673304bffc2c1142\build.exe.obj = test\TestData\zig-cache\o\2072d410ef73c3e3673304bffc2c1142\build.exe.obj
		test\TestData\zig-cache\o\2072d410ef73c3e3673304bffc2c1142\build.pdb = test\TestData\zig-cache\o\2072d410ef73c3e3673304bffc2c1142\build.pdb
		test\TestData\zig-cache\o\288f00ca14128dcb585a407ef33e0f69\TestData.exe = test\TestData\zig-cache\o\288f00ca14128dcb585a407ef33e0f69\TestData.exe
		test\TestData\zig-cache\o\288f00ca14128dcb585a407ef33e0f69\TestData.exe.obj = test\TestData\zig-cache\o\288f00ca14128dcb585a407ef33e0f69\TestData.exe.obj
		test\TestData\zig-cache\o\288f00ca14128dcb585a407ef33e0f69\TestData.pdb = test\TestData\zig-cache\o\288f00ca14128dcb585a407ef33e0f69\TestData.pdb
		test\TestData\zig-cache\o\2b83a18020d8f250dc6f78693ab96f17\build.exe = test\TestData\zig-cache\o\2b83a18020d8f250dc6f78693ab96f17\build.exe
		test\TestData\zig-cache\o\2b83a18020d8f250dc6f78693ab96f17\build.exe.obj = test\TestData\zig-cache\o\2b83a18020d8f250dc6f78693ab96f17\build.exe.obj
		test\TestData\zig-cache\o\2b83a18020d8f250dc6f78693ab96f17\build.pdb = test\TestData\zig-cache\o\2b83a18020d8f250dc6f78693ab96f17\build.pdb
		test\TestData\zig-cache\o\30cdc2aa093cd1d497615830183a8fbd\build.exe = test\TestData\zig-cache\o\30cdc2aa093cd1d497615830183a8fbd\build.exe
		test\TestData\zig-cache\o\30cdc2aa093cd1d497615830183a8fbd\build.exe.obj = test\TestData\zig-cache\o\30cdc2aa093cd1d497615830183a8fbd\build.exe.obj
		test\TestData\zig-cache\o\30cdc2aa093cd1d497615830183a8fbd\build.pdb = test\TestData\zig-cache\o\30cdc2aa093cd1d497615830183a8fbd\build.pdb
		test\TestData\zig-cache\o\317210d9dd13f2fe854fe8e3b17ef7e5\TestData.exe = test\TestData\zig-cache\o\317210d9dd13f2fe854fe8e3b17ef7e5\TestData.exe
		test\TestData\zig-cache\o\317210d9dd13f2fe854fe8e3b17ef7e5\TestData.exe.obj = test\TestData\zig-cache\o\317210d9dd13f2fe854fe8e3b17ef7e5\TestData.exe.obj
		test\TestData\zig-cache\o\317210d9dd13f2fe854fe8e3b17ef7e5\TestData.pdb = test\TestData\zig-cache\o\317210d9dd13f2fe854fe8e3b17ef7e5\TestData.pdb
		test\TestData\zig-cache\o\3598ca94fb003f2b858908cd4308fb0a\TestData.exe = test\TestData\zig-cache\o\3598ca94fb003f2b858908cd4308fb0a\TestData.exe
		test\TestData\zig-cache\o\3598ca94fb003f2b858908cd4308fb0a\TestData.exe.obj = test\TestData\zig-cache\o\3598ca94fb003f2b858908cd4308fb0a\TestData.exe.obj
		test\TestData\zig-cache\o\3598ca94fb003f2b858908cd4308fb0a\TestData.pdb = test\TestData\zig-cache\o\3598ca94fb003f2b858908cd4308fb0a\TestData.pdb
		test\TestData\zig-cache\o\362c977e50197a550b38cd960b2edb7f\build.exe = test\TestData\zig-cache\o\362c977e50197a550b38cd960b2edb7f\build.exe
		test\TestData\zig-cache\o\362c977e50197a550b38cd960b2edb7f\build.exe.obj = test\TestData\zig-cache\o\362c977e50197a550b38cd960b2edb7f\build.exe.obj
		test\TestData\zig-cache\o\362c977e50197a550b38cd960b2edb7f\build.pdb = test\TestData\zig-cache\o\362c977e50197a550b38cd960b2edb7f\build.pdb
		test\TestData\zig-cache\o\3bb91b8314815a0b2bd2d5704f1e0cc4\TestData.exe = test\TestData\zig-cache\o\3bb91b8314815a0b2bd2d5704f1e0cc4\TestData.exe
		test\TestData\zig-cache\o\3bb91b8314815a0b2bd2d5704f1e0cc4\TestData.exe.obj = test\TestData\zig-cache\o\3bb91b8314815a0b2bd2d5704f1e0cc4\TestData.exe.obj
		test\TestData\zig-cache\o\3bb91b8314815a0b2bd2d5704f1e0cc4\TestData.pdb = test\TestData\zig-cache\o\3bb91b8314815a0b2bd2d5704f1e0cc4\TestData.pdb
		test\TestData\zig-cache\o\460f5c2a53f1226c5116d1d662aa369a\dependencies.zig = test\TestData\zig-cache\o\460f5c2a53f1226c5116d1d662aa369a\dependencies.zig
		test\TestData\zig-cache\o\49d99de6400d59308099eaf178e8e6a7\TestData.exe = test\TestData\zig-cache\o\49d99de6400d59308099eaf178e8e6a7\TestData.exe
		test\TestData\zig-cache\o\49d99de6400d59308099eaf178e8e6a7\TestData.exe.obj = test\TestData\zig-cache\o\49d99de6400d59308099eaf178e8e6a7\TestData.exe.obj
		test\TestData\zig-cache\o\49d99de6400d59308099eaf178e8e6a7\TestData.pdb = test\TestData\zig-cache\o\49d99de6400d59308099eaf178e8e6a7\TestData.pdb
		test\TestData\zig-cache\o\4a595010e409ec7efbdf2aa3eab9abe4\TestData.exe = test\TestData\zig-cache\o\4a595010e409ec7efbdf2aa3eab9abe4\TestData.exe
		test\TestData\zig-cache\o\4a595010e409ec7efbdf2aa3eab9abe4\TestData.exe.obj = test\TestData\zig-cache\o\4a595010e409ec7efbdf2aa3eab9abe4\TestData.exe.obj
		test\TestData\zig-cache\o\4a595010e409ec7efbdf2aa3eab9abe4\TestData.pdb = test\TestData\zig-cache\o\4a595010e409ec7efbdf2aa3eab9abe4\TestData.pdb
		test\TestData\zig-cache\o\4befbe5ae566637af01a95cf5a443d2b\TestData.exe = test\TestData\zig-cache\o\4befbe5ae566637af01a95cf5a443d2b\TestData.exe
		test\TestData\zig-cache\o\4befbe5ae566637af01a95cf5a443d2b\TestData.exe.obj = test\TestData\zig-cache\o\4befbe5ae566637af01a95cf5a443d2b\TestData.exe.obj
		test\TestData\zig-cache\o\4befbe5ae566637af01a95cf5a443d2b\TestData.pdb = test\TestData\zig-cache\o\4befbe5ae566637af01a95cf5a443d2b\TestData.pdb
		test\TestData\zig-cache\o\4d5ad30ee93bddbf7eda7816e5e7c913\build.exe = test\TestData\zig-cache\o\4d5ad30ee93bddbf7eda7816e5e7c913\build.exe
		test\TestData\zig-cache\o\4d5ad30ee93bddbf7eda7816e5e7c913\build.exe.obj = test\TestData\zig-cache\o\4d5ad30ee93bddbf7eda7816e5e7c913\build.exe.obj
		test\TestData\zig-cache\o\4d5ad30ee93bddbf7eda7816e5e7c913\build.pdb = test\TestData\zig-cache\o\4d5ad30ee93bddbf7eda7816e5e7c913\build.pdb
		test\TestData\zig-cache\o\4dfe1d55a3d892b3cc5ef73586d99a6d\build.exe = test\TestData\zig-cache\o\4dfe1d55a3d892b3cc5ef73586d99a6d\build.exe
		test\TestData\zig-cache\o\4dfe1d55a3d892b3cc5ef73586d99a6d\build.exe.obj = test\TestData\zig-cache\o\4dfe1d55a3d892b3cc5ef73586d99a6d\build.exe.obj
		test\TestData\zig-cache\o\4dfe1d55a3d892b3cc5ef73586d99a6d\build.pdb = test\TestData\zig-cache\o\4dfe1d55a3d892b3cc5ef73586d99a6d\build.pdb
		test\TestData\zig-cache\o\525314a22dfd3f6f9e2df65b4b99b059\build.exe = test\TestData\zig-cache\o\525314a22dfd3f6f9e2df65b4b99b059\build.exe
		test\TestData\zig-cache\o\525314a22dfd3f6f9e2df65b4b99b059\build.exe.obj = test\TestData\zig-cache\o\525314a22dfd3f6f9e2df65b4b99b059\build.exe.obj
		test\TestData\zig-cache\o\525314a22dfd3f6f9e2df65b4b99b059\build.pdb = test\TestData\zig-cache\o\525314a22dfd3f6f9e2df65b4b99b059\build.pdb
		test\TestData\zig-cache\o\52c6f771881fb967c78405ac79f61f71\TestData.exe = test\TestData\zig-cache\o\52c6f771881fb967c78405ac79f61f71\TestData.exe
		test\TestData\zig-cache\o\52c6f771881fb967c78405ac79f61f71\TestData.exe.obj = test\TestData\zig-cache\o\52c6f771881fb967c78405ac79f61f71\TestData.exe.obj
		test\TestData\zig-cache\o\52c6f771881fb967c78405ac79f61f71\TestData.pdb = test\TestData\zig-cache\o\52c6f771881fb967c78405ac79f61f71\TestData.pdb
		test\TestData\zig-cache\o\57e77611af3bde340e2efb569cedf230\build.exe = test\TestData\zig-cache\o\57e77611af3bde340e2efb569cedf230\build.exe
		test\TestData\zig-cache\o\57e77611af3bde340e2efb569cedf230\build.exe.obj = test\TestData\zig-cache\o\57e77611af3bde340e2efb569cedf230\build.exe.obj
		test\TestData\zig-cache\o\57e77611af3bde340e2efb569cedf230\build.pdb = test\TestData\zig-cache\o\57e77611af3bde340e2efb569cedf230\build.pdb
		test\TestData\zig-cache\o\6a2c71cfaeb5d6095997c47fdd86a26d\TestData.exe = test\TestData\zig-cache\o\6a2c71cfaeb5d6095997c47fdd86a26d\TestData.exe
		test\TestData\zig-cache\o\6a2c71cfaeb5d6095997c47fdd86a26d\TestData.exe.obj = test\TestData\zig-cache\o\6a2c71cfaeb5d6095997c47fdd86a26d\TestData.exe.obj
		test\TestData\zig-cache\o\6a2c71cfaeb5d6095997c47fdd86a26d\TestData.pdb = test\TestData\zig-cache\o\6a2c71cfaeb5d6095997c47fdd86a26d\TestData.pdb
		test\TestData\zig-cache\o\75097bb6c8574d8f36b21e7f386bdfe4\TestData.exe = test\TestData\zig-cache\o\75097bb6c8574d8f36b21e7f386bdfe4\TestData.exe
		test\TestData\zig-cache\o\75097bb6c8574d8f36b21e7f386bdfe4\TestData.exe.obj = test\TestData\zig-cache\o\75097bb6c8574d8f36b21e7f386bdfe4\TestData.exe.obj
		test\TestData\zig-cache\o\75097bb6c8574d8f36b21e7f386bdfe4\TestData.pdb = test\TestData\zig-cache\o\75097bb6c8574d8f36b21e7f386bdfe4\TestData.pdb
		test\TestData\zig-cache\o\7aeb213c9315ab65485e014c9756cce3\TestData.exe = test\TestData\zig-cache\o\7aeb213c9315ab65485e014c9756cce3\TestData.exe
		test\TestData\zig-cache\o\7aeb213c9315ab65485e014c9756cce3\TestData.exe.obj = test\TestData\zig-cache\o\7aeb213c9315ab65485e014c9756cce3\TestData.exe.obj
		test\TestData\zig-cache\o\7aeb213c9315ab65485e014c9756cce3\TestData.pdb = test\TestData\zig-cache\o\7aeb213c9315ab65485e014c9756cce3\TestData.pdb
		test\TestData\zig-cache\o\81e993c4c62e9c1a82df3146ab4d30f5\build.exe = test\TestData\zig-cache\o\81e993c4c62e9c1a82df3146ab4d30f5\build.exe
		test\TestData\zig-cache\o\81e993c4c62e9c1a82df3146ab4d30f5\build.exe.obj = test\TestData\zig-cache\o\81e993c4c62e9c1a82df3146ab4d30f5\build.exe.obj
		test\TestData\zig-cache\o\81e993c4c62e9c1a82df3146ab4d30f5\build.pdb = test\TestData\zig-cache\o\81e993c4c62e9c1a82df3146ab4d30f5\build.pdb
		test\TestData\zig-cache\o\854eb546f48e4d664103e9d6dc100c46\TestData.exe = test\TestData\zig-cache\o\854eb546f48e4d664103e9d6dc100c46\TestData.exe
		test\TestData\zig-cache\o\854eb546f48e4d664103e9d6dc100c46\TestData.exe.obj = test\TestData\zig-cache\o\854eb546f48e4d664103e9d6dc100c46\TestData.exe.obj
		test\TestData\zig-cache\o\854eb546f48e4d664103e9d6dc100c46\TestData.pdb = test\TestData\zig-cache\o\854eb546f48e4d664103e9d6dc100c46\TestData.pdb
		test\TestData\zig-cache\o\8a56adf8aa510a8228ba3295a1f16dd0\build.exe = test\TestData\zig-cache\o\8a56adf8aa510a8228ba3295a1f16dd0\build.exe
		test\TestData\zig-cache\o\8a56adf8aa510a8228ba3295a1f16dd0\build.exe.obj = test\TestData\zig-cache\o\8a56adf8aa510a8228ba3295a1f16dd0\build.exe.obj
		test\TestData\zig-cache\o\8a56adf8aa510a8228ba3295a1f16dd0\build.pdb = test\TestData\zig-cache\o\8a56adf8aa510a8228ba3295a1f16dd0\build.pdb
		test\TestData\zig-cache\o\8d6524ce77fc10f2f74daade548d0a49\TestData.exe = test\TestData\zig-cache\o\8d6524ce77fc10f2f74daade548d0a49\TestData.exe
		test\TestData\zig-cache\o\8d6524ce77fc10f2f74daade548d0a49\TestData.exe.obj = test\TestData\zig-cache\o\8d6524ce77fc10f2f74daade548d0a49\TestData.exe.obj
		test\TestData\zig-cache\o\8d6524ce77fc10f2f74daade548d0a49\TestData.pdb = test\TestData\zig-cache\o\8d6524ce77fc10f2f74daade548d0a49\TestData.pdb
		test\TestData\zig-cache\o\93746da325b520b916203b42daf64411\builtin.zig = test\TestData\zig-cache\o\93746da325b520b916203b42daf64411\builtin.zig
		test\TestData\zig-cache\o\98887db16760c35c474e44a2b02a65ac\build.exe = test\TestData\zig-cache\o\98887db16760c35c474e44a2b02a65ac\build.exe
		test\TestData\zig-cache\o\98887db16760c35c474e44a2b02a65ac\build.exe.obj = test\TestData\zig-cache\o\98887db16760c35c474e44a2b02a65ac\build.exe.obj
		test\TestData\zig-cache\o\98887db16760c35c474e44a2b02a65ac\build.pdb = test\TestData\zig-cache\o\98887db16760c35c474e44a2b02a65ac\build.pdb
		test\TestData\zig-cache\o\9b795686615d93a41402ed57e39bb62a\TestData.exe = test\TestData\zig-cache\o\9b795686615d93a41402ed57e39bb62a\TestData.exe
		test\TestData\zig-cache\o\9b795686615d93a41402ed57e39bb62a\TestData.exe.obj = test\TestData\zig-cache\o\9b795686615d93a41402ed57e39bb62a\TestData.exe.obj
		test\TestData\zig-cache\o\9b795686615d93a41402ed57e39bb62a\TestData.pdb = test\TestData\zig-cache\o\9b795686615d93a41402ed57e39bb62a\TestData.pdb
		test\TestData\zig-cache\o\b2505925e3248d81b0c08ea1f17cf4c3\build.exe = test\TestData\zig-cache\o\b2505925e3248d81b0c08ea1f17cf4c3\build.exe
		test\TestData\zig-cache\o\b2505925e3248d81b0c08ea1f17cf4c3\build.exe.obj = test\TestData\zig-cache\o\b2505925e3248d81b0c08ea1f17cf4c3\build.exe.obj
		test\TestData\zig-cache\o\b2505925e3248d81b0c08ea1f17cf4c3\build.pdb = test\TestData\zig-cache\o\b2505925e3248d81b0c08ea1f17cf4c3\build.pdb
		test\TestData\zig-cache\o\b7b86a07d2f3585546702ec4d962a1be\build.exe = test\TestData\zig-cache\o\b7b86a07d2f3585546702ec4d962a1be\build.exe
		test\TestData\zig-cache\o\b7b86a07d2f3585546702ec4d962a1be\build.exe.obj = test\TestData\zig-cache\o\b7b86a07d2f3585546702ec4d962a1be\build.exe.obj
		test\TestData\zig-cache\o\b7b86a07d2f3585546702ec4d962a1be\build.pdb = test\TestData\zig-cache\o\b7b86a07d2f3585546702ec4d962a1be\build.pdb
		test\TestData\zig-cache\o\bb5fbcfba5b8fbefe556c8c56ccf292b\build.exe = test\TestData\zig-cache\o\bb5fbcfba5b8fbefe556c8c56ccf292b\build.exe
		test\TestData\zig-cache\o\bb5fbcfba5b8fbefe556c8c56ccf292b\build.exe.obj = test\TestData\zig-cache\o\bb5fbcfba5b8fbefe556c8c56ccf292b\build.exe.obj
		test\TestData\zig-cache\o\bb5fbcfba5b8fbefe556c8c56ccf292b\build.pdb = test\TestData\zig-cache\o\bb5fbcfba5b8fbefe556c8c56ccf292b\build.pdb
		test\TestData\zig-cache\o\bc04d76730fd2d2d6f260b79308cbdce\build.exe = test\TestData\zig-cache\o\bc04d76730fd2d2d6f260b79308cbdce\build.exe
		test\TestData\zig-cache\o\bc04d76730fd2d2d6f260b79308cbdce\build.exe.obj = test\TestData\zig-cache\o\bc04d76730fd2d2d6f260b79308cbdce\build.exe.obj
		test\TestData\zig-cache\o\bc04d76730fd2d2d6f260b79308cbdce\build.pdb = test\TestData\zig-cache\o\bc04d76730fd2d2d6f260b79308cbdce\build.pdb
		test\TestData\zig-cache\o\bc3d1b16ffbf85ade0fd8680d53babfe\build.exe = test\TestData\zig-cache\o\bc3d1b16ffbf85ade0fd8680d53babfe\build.exe
		test\TestData\zig-cache\o\bc3d1b16ffbf85ade0fd8680d53babfe\build.exe.obj = test\TestData\zig-cache\o\bc3d1b16ffbf85ade0fd8680d53babfe\build.exe.obj
		test\TestData\zig-cache\o\bc3d1b16ffbf85ade0fd8680d53babfe\build.pdb = test\TestData\zig-cache\o\bc3d1b16ffbf85ade0fd8680d53babfe\build.pdb
		test\TestData\zig-cache\o\c1f41f1de17b81a09200f23fea852aad\build.exe = test\TestData\zig-cache\o\c1f41f1de17b81a09200f23fea852aad\build.exe
		test\TestData\zig-cache\o\c1f41f1de17b81a09200f23fea852aad\build.exe.obj = test\TestData\zig-cache\o\c1f41f1de17b81a09200f23fea852aad\build.exe.obj
		test\TestData\zig-cache\o\c1f41f1de17b81a09200f23fea852aad\build.pdb = test\TestData\zig-cache\o\c1f41f1de17b81a09200f23fea852aad\build.pdb
		test\TestData\zig-cache\o\c344607a63df4cb46adfb37ba093f053\build.exe = test\TestData\zig-cache\o\c344607a63df4cb46adfb37ba093f053\build.exe
		test\TestData\zig-cache\o\c344607a63df4cb46adfb37ba093f053\build.exe.obj = test\TestData\zig-cache\o\c344607a63df4cb46adfb37ba093f053\build.exe.obj
		test\TestData\zig-cache\o\c344607a63df4cb46adfb37ba093f053\build.pdb = test\TestData\zig-cache\o\c344607a63df4cb46adfb37ba093f053\build.pdb
		test\TestData\zig-cache\o\c97f3e64a8b819c2191744ceab512886\TestData.exe = test\TestData\zig-cache\o\c97f3e64a8b819c2191744ceab512886\TestData.exe
		test\TestData\zig-cache\o\c97f3e64a8b819c2191744ceab512886\TestData.exe.obj = test\TestData\zig-cache\o\c97f3e64a8b819c2191744ceab512886\TestData.exe.obj
		test\TestData\zig-cache\o\c97f3e64a8b819c2191744ceab512886\TestData.pdb = test\TestData\zig-cache\o\c97f3e64a8b819c2191744ceab512886\TestData.pdb
		test\TestData\zig-cache\o\ca72e0124302e02c6cbdc0453c089e1f\build.exe = test\TestData\zig-cache\o\ca72e0124302e02c6cbdc0453c089e1f\build.exe
		test\TestData\zig-cache\o\ca72e0124302e02c6cbdc0453c089e1f\build.exe.obj = test\TestData\zig-cache\o\ca72e0124302e02c6cbdc0453c089e1f\build.exe.obj
		test\TestData\zig-cache\o\ca72e0124302e02c6cbdc0453c089e1f\build.pdb = test\TestData\zig-cache\o\ca72e0124302e02c6cbdc0453c089e1f\build.pdb
		test\TestData\zig-cache\o\cc4b54b247727841fbfad19350b0b865\build.exe = test\TestData\zig-cache\o\cc4b54b247727841fbfad19350b0b865\build.exe
		test\TestData\zig-cache\o\cc4b54b247727841fbfad19350b0b865\build.exe.obj = test\TestData\zig-cache\o\cc4b54b247727841fbfad19350b0b865\build.exe.obj
		test\TestData\zig-cache\o\cc4b54b247727841fbfad19350b0b865\build.pdb = test\TestData\zig-cache\o\cc4b54b247727841fbfad19350b0b865\build.pdb
		test\TestData\zig-cache\o\cdded0459fb26f7662bd7bdb5e533940\build.exe = test\TestData\zig-cache\o\cdded0459fb26f7662bd7bdb5e533940\build.exe
		test\TestData\zig-cache\o\cdded0459fb26f7662bd7bdb5e533940\build.exe.obj = test\TestData\zig-cache\o\cdded0459fb26f7662bd7bdb5e533940\build.exe.obj
		test\TestData\zig-cache\o\cdded0459fb26f7662bd7bdb5e533940\build.pdb = test\TestData\zig-cache\o\cdded0459fb26f7662bd7bdb5e533940\build.pdb
		test\TestData\zig-cache\o\d4de2790a57a49ad3fc43f20bacac96e\TestData.exe = test\TestData\zig-cache\o\d4de2790a57a49ad3fc43f20bacac96e\TestData.exe
		test\TestData\zig-cache\o\d4de2790a57a49ad3fc43f20bacac96e\TestData.exe.obj = test\TestData\zig-cache\o\d4de2790a57a49ad3fc43f20bacac96e\TestData.exe.obj
		test\TestData\zig-cache\o\d4de2790a57a49ad3fc43f20bacac96e\TestData.pdb = test\TestData\zig-cache\o\d4de2790a57a49ad3fc43f20bacac96e\TestData.pdb
		test\TestData\zig-cache\o\d7871174c60c8aebe67419b610a357ef\build.exe = test\TestData\zig-cache\o\d7871174c60c8aebe67419b610a357ef\build.exe
		test\TestData\zig-cache\o\d7871174c60c8aebe67419b610a357ef\build.exe.obj = test\TestData\zig-cache\o\d7871174c60c8aebe67419b610a357ef\build.exe.obj
		test\TestData\zig-cache\o\d7871174c60c8aebe67419b610a357ef\build.pdb = test\TestData\zig-cache\o\d7871174c60c8aebe67419b610a357ef\build.pdb
		test\TestData\zig-cache\o\dbcb770d98ced6abee68505974be8f0d\build.exe = test\TestData\zig-cache\o\dbcb770d98ced6abee68505974be8f0d\build.exe
		test\TestData\zig-cache\o\dbcb770d98ced6abee68505974be8f0d\build.exe.obj = test\TestData\zig-cache\o\dbcb770d98ced6abee68505974be8f0d\build.exe.obj
		test\TestData\zig-cache\o\dbcb770d98ced6abee68505974be8f0d\build.pdb = test\TestData\zig-cache\o\dbcb770d98ced6abee68505974be8f0d\build.pdb
		test\TestData\zig-cache\o\e2b4b708a62330e0dcc1273895b35950\TestData.exe = test\TestData\zig-cache\o\e2b4b708a62330e0dcc1273895b35950\TestData.exe
		test\TestData\zig-cache\o\e2b4b708a62330e0dcc1273895b35950\TestData.exe.obj = test\TestData\zig-cache\o\e2b4b708a62330e0dcc1273895b35950\TestData.exe.obj
		test\TestData\zig-cache\o\e2b4b708a62330e0dcc1273895b35950\TestData.pdb = test\TestData\zig-cache\o\e2b4b708a62330e0dcc1273895b35950\TestData.pdb
		test\TestData\zig-cache\o\e326c36c2208d73b8bc150ae5f4c50a7\builtin.zig = test\TestData\zig-cache\o\e326c36c2208d73b8bc150ae5f4c50a7\builtin.zig
		test\TestData\zig-cache\o\e58a43ba48d8067fd6c0b9f56bf69c16\build.exe = test\TestData\zig-cache\o\e58a43ba48d8067fd6c0b9f56bf69c16\build.exe
		test\TestData\zig-cache\o\e58a43ba48d8067fd6c0b9f56bf69c16\build.exe.obj = test\TestData\zig-cache\o\e58a43ba48d8067fd6c0b9f56bf69c16\build.exe.obj
		test\TestData\zig-cache\o\e58a43ba48d8067fd6c0b9f56bf69c16\build.pdb = test\TestData\zig-cache\o\e58a43ba48d8067fd6c0b9f56bf69c16\build.pdb
		test\TestData\zig-cache\o\e8441867350797abdaa9666d05db940f\build.exe = test\TestData\zig-cache\o\e8441867350797abdaa9666d05db940f\build.exe
		test\TestData\zig-cache\o\e8441867350797abdaa9666d05db940f\build.exe.obj = test\TestData\zig-cache\o\e8441867350797abdaa9666d05db940f\build.exe.obj
		test\TestData\zig-cache\o\e8441867350797abdaa9666d05db940f\build.pdb = test\TestData\zig-cache\o\e8441867350797abdaa9666d05db940f\build.pdb
		test\TestData\zig-cache\o\eac267cdefb7040ff291d85a351156b1\TestData.exe = test\TestData\zig-cache\o\eac267cdefb7040ff291d85a351156b1\TestData.exe
		test\TestData\zig-cache\o\eac267cdefb7040ff291d85a351156b1\TestData.exe.obj = test\TestData\zig-cache\o\eac267cdefb7040ff291d85a351156b1\TestData.exe.obj
		test\TestData\zig-cache\o\eac267cdefb7040ff291d85a351156b1\TestData.pdb = test\TestData\zig-cache\o\eac267cdefb7040ff291d85a351156b1\TestData.pdb
		test\TestData\zig-cache\o\eb648e1d5e09359f3043a0a67b7edfe8\build.exe = test\TestData\zig-cache\o\eb648e1d5e09359f3043a0a67b7edfe8\build.exe
		test\TestData\zig-cache\o\eb648e1d5e09359f3043a0a67b7edfe8\build.exe.obj = test\TestData\zig-cache\o\eb648e1d5e09359f3043a0a67b7edfe8\build.exe.obj
		test\TestData\zig-cache\o\eb648e1d5e09359f3043a0a67b7edfe8\build.pdb = test\TestData\zig-cache\o\eb648e1d5e09359f3043a0a67b7edfe8\build.pdb
		test\TestData\zig-cache\o\edbb205563a16e1dafb344a45bdc9422\TestData.exe = test\TestData\zig-cache\o\edbb205563a16e1dafb344a45bdc9422\TestData.exe
		test\TestData\zig-cache\o\edbb205563a16e1dafb344a45bdc9422\TestData.exe.obj = test\TestData\zig-cache\o\edbb205563a16e1dafb344a45bdc9422\TestData.exe.obj
		test\TestData\zig-cache\o\edbb205563a16e1dafb344a45bdc9422\TestData.pdb = test\TestData\zig-cache\o\edbb205563a16e1dafb344a45bdc9422\TestData.pdb
		test\TestData\zig-cache\o\f5c0dc74778f233491612ac22d704dba\dependencies.zig = test\TestData\zig-cache\o\f5c0dc74778f233491612ac22d704dba\dependencies.zig
		test\TestData\zig-cache\o\f7ef172591ce73edc1d03a65423f5501\TestData.exe = test\TestData\zig-cache\o\f7ef172591ce73edc1d03a65423f5501\TestData.exe
		test\TestData\zig-cache\o\f7ef172591ce73edc1d03a65423f5501\TestData.exe.obj = test\TestData\zig-cache\o\f7ef172591ce73edc1d03a65423f5501\TestData.exe.obj
		test\TestData\zig-cache\o\f7ef172591ce73edc1d03a65423f5501\TestData.pdb = test\TestData\zig-cache\o\f7ef172591ce73edc1d03a65423f5501\TestData.pdb
		test\TestData\zig-cache\o\f9ff955c36b8843a5d27b518553b4742\TestData.exe = test\TestData\zig-cache\o\f9ff955c36b8843a5d27b518553b4742\TestData.exe
		test\TestData\zig-cache\o\f9ff955c36b8843a5d27b518553b4742\TestData.exe.obj = test\TestData\zig-cache\o\f9ff955c36b8843a5d27b518553b4742\TestData.exe.obj
		test\TestData\zig-cache\o\f9ff955c36b8843a5d27b518553b4742\TestData.pdb = test\TestData\zig-cache\o\f9ff955c36b8843a5d27b518553b4742\TestData.pdb
		test\TestData\zig-cache\o\fdd85e9d0f3e9587026e0e7025041881\build.exe = test\TestData\zig-cache\o\fdd85e9d0f3e9587026e0e7025041881\build.exe
		test\TestData\zig-cache\o\fdd85e9d0f3e9587026e0e7025041881\build.exe.obj = test\TestData\zig-cache\o\fdd85e9d0f3e9587026e0e7025041881\build.exe.obj
		test\TestData\zig-cache\o\fdd85e9d0f3e9587026e0e7025041881\build.pdb = test\TestData\zig-cache\o\fdd85e9d0f3e9587026e0e7025041881\build.pdb
		test\TestData\zig-cache\o\fdee194c5192dd29319a715f9d7115dc\build.exe = test\TestData\zig-cache\o\fdee194c5192dd29319a715f9d7115dc\build.exe
		test\TestData\zig-cache\o\fdee194c5192dd29319a715f9d7115dc\build.exe.obj = test\TestData\zig-cache\o\fdee194c5192dd29319a715f9d7115dc\build.exe.obj
		test\TestData\zig-cache\o\fdee194c5192dd29319a715f9d7115dc\build.pdb = test\TestData\zig-cache\o\fdee194c5192dd29319a715f9d7115dc\build.pdb
		test\TestData\zig-cache\z\4b94c4a2cd90c837c81aab482bea74b5 = test\TestData\zig-cache\z\4b94c4a2cd90c837c81aab482bea74b5
		test\TestData\zig-cache\z\5730c8a1bffc07c43144f829bdd82577 = test\TestData\zig-cache\z\5730c8a1bffc07c43144f829bdd82577
		test\TestData\zig-cache\z\713925e34cd1e5e111bf2e41559c3fbb = test\TestData\zig-cache\z\713925e34cd1e5e111bf2e41559c3fbb
		test\TestData\zig-cache\z\ec2fe4381640d1241335c9a527ce4c3d = test\TestData\zig-cache\z\ec2fe4381640d1241335c9a527ce4c3d
		test\TestData\zig-cache\z\efc89ebb18cc85ed89325b8ae90a1446 = test\TestData\zig-cache\z\efc89ebb18cc85ed89325b8ae90a1446
		test\TestData\zig-out\bin\TestData.exe = test\TestData\zig-out\bin\TestData.exe
		test\TestData\zig-out\bin\TestData.pdb = test\TestData\zig-out\bin\TestData.pdb
	EndProjectSection
EndProject
Project("{2150E333-8FDC-42A3-9474-1A3956D46DE8}") = "bench", "bench", "{816D6A89-104C-4AED-B167-1A91F5F77A6B}"
EndProject
Project("{2150E333-8FDC-42A3-9474-1A3956D46DE8}") = "ext", "ext", "{8B8553D0-466A-4847-A5F2-A63B72A7D206}"
EndProject
Project("{FAE04EC0-301F-11D3-BF4B-00C04F79EFBC}") = "Voltorb.Ogg", "src\Voltorb.Ogg\Voltorb.Ogg.csproj", "{56204F78-B5C9-407D-A781-964FD59CC9AE}"
EndProject
Project("{FAE04EC0-301F-11D3-BF4B-00C04F79EFBC}") = "Voltorb.Vorbis", "src\Voltorb.Vorbis\Voltorb.Vorbis.csproj", "{B9B3E130-DA5A-4B1D-8419-4FDDBD2F3924}"
EndProject
Project("{FAE04EC0-301F-11D3-BF4B-00C04F79EFBC}") = "Voltorb.Bits", "src\Voltorb.Bits\Voltorb.Bits.csproj", "{6BD6EA43-D925-4540-84B2-99833942541B}"
EndProject
Project("{FAE04EC0-301F-11D3-BF4B-00C04F79EFBC}") = "Voltorb.Bits.Tests.Common", "test\Voltorb.Bits.Tests.Common\Voltorb.Bits.Tests.Common.csproj", "{142499B8-F27F-4DC6-98FD-9EB2F0080B33}"
EndProject
Global
	GlobalSection(SolutionConfigurationPlatforms) = preSolution
		Debug|Any CPU = Debug|Any CPU
		Release|Any CPU = Release|Any CPU
	EndGlobalSection
	GlobalSection(NestedProjects) = preSolution
		{56204F78-B5C9-407D-A781-964FD59CC9AE} = {43D365FC-DBD5-449B-8103-BFD450AF3D6F}
		{B9B3E130-DA5A-4B1D-8419-4FDDBD2F3924} = {43D365FC-DBD5-449B-8103-BFD450AF3D6F}
		{6BD6EA43-D925-4540-84B2-99833942541B} = {43D365FC-DBD5-449B-8103-BFD450AF3D6F}
		{142499B8-F27F-4DC6-98FD-9EB2F0080B33} = {21154F59-3F7D-427E-8E8D-A041649CCE46}
	EndGlobalSection
	GlobalSection(ProjectConfigurationPlatforms) = postSolution
		{56204F78-B5C9-407D-A781-964FD59CC9AE}.Debug|Any CPU.ActiveCfg = Debug|Any CPU
		{56204F78-B5C9-407D-A781-964FD59CC9AE}.Debug|Any CPU.Build.0 = Debug|Any CPU
		{56204F78-B5C9-407D-A781-964FD59CC9AE}.Release|Any CPU.ActiveCfg = Release|Any CPU
		{56204F78-B5C9-407D-A781-964FD59CC9AE}.Release|Any CPU.Build.0 = Release|Any CPU
		{B9B3E130-DA5A-4B1D-8419-4FDDBD2F3924}.Debug|Any CPU.ActiveCfg = Debug|Any CPU
		{B9B3E130-DA5A-4B1D-8419-4FDDBD2F3924}.Debug|Any CPU.Build.0 = Debug|Any CPU
		{B9B3E130-DA5A-4B1D-8419-4FDDBD2F3924}.Release|Any CPU.ActiveCfg = Release|Any CPU
		{B9B3E130-DA5A-4B1D-8419-4FDDBD2F3924}.Release|Any CPU.Build.0 = Release|Any CPU
		{6BD6EA43-D925-4540-84B2-99833942541B}.Debug|Any CPU.ActiveCfg = Debug|Any CPU
		{6BD6EA43-D925-4540-84B2-99833942541B}.Debug|Any CPU.Build.0 = Debug|Any CPU
		{6BD6EA43-D925-4540-84B2-99833942541B}.Release|Any CPU.ActiveCfg = Release|Any CPU
		{6BD6EA43-D925-4540-84B2-99833942541B}.Release|Any CPU.Build.0 = Release|Any CPU
		{142499B8-F27F-4DC6-98FD-9EB2F0080B33}.Debug|Any CPU.ActiveCfg = Debug|Any CPU
		{142499B8-F27F-4DC6-98FD-9EB2F0080B33}.Debug|Any CPU.Build.0 = Debug|Any CPU
		{142499B8-F27F-4DC6-98FD-9EB2F0080B33}.Release|Any CPU.ActiveCfg = Release|Any CPU
		{142499B8-F27F-4DC6-98FD-9EB2F0080B33}.Release|Any CPU.Build.0 = Release|Any CPU
	EndGlobalSection
EndGlobal
